// !$*UTF8*$!
{
	archiveVersion = 1;
	classes = {
	};
	objectVersion = 56;
	objects = {

/* Begin PBXBuildFile section */
		1002C4A92C55204700168886 /* Top10AlbumView.swift in Sources */ = {isa = PBXBuildFile; fileRef = 1002C4A82C55204700168886 /* Top10AlbumView.swift */; };
		1002C4AD2C5523A600168886 /* Top10Cell.swift in Sources */ = {isa = PBXBuildFile; fileRef = 1002C4AC2C5523A600168886 /* Top10Cell.swift */; };
		1002C4AF2C556ECC00168886 /* AlbumDetail.swift in Sources */ = {isa = PBXBuildFile; fileRef = 1002C4AE2C556ECC00168886 /* AlbumDetail.swift */; };
		1002C4B12C55748C00168886 /* SongCell.swift in Sources */ = {isa = PBXBuildFile; fileRef = 1002C4B02C55748C00168886 /* SongCell.swift */; };
		1002C4B32C55820800168886 /* Top10SongView.swift in Sources */ = {isa = PBXBuildFile; fileRef = 1002C4B22C55820800168886 /* Top10SongView.swift */; };
		1002C4B92C55838E00168886 /* Top10ArtistView.swift in Sources */ = {isa = PBXBuildFile; fileRef = 1002C4B82C55838E00168886 /* Top10ArtistView.swift */; };
		1002C4BB2C5583EC00168886 /* ArtistCell.swift in Sources */ = {isa = PBXBuildFile; fileRef = 1002C4BA2C5583EC00168886 /* ArtistCell.swift */; };
		3510D4D02BDD7E430057A974 /* GlobalData.swift in Sources */ = {isa = PBXBuildFile; fileRef = 3510D4CF2BDD7E430057A974 /* GlobalData.swift */; };
		3553092D2BDF606D007F8964 /* ScrobbleCell.swift in Sources */ = {isa = PBXBuildFile; fileRef = 3553092C2BDF606D007F8964 /* ScrobbleCell.swift */; };
		355309302BDF61F2007F8964 /* Kingfisher in Frameworks */ = {isa = PBXBuildFile; productRef = 3553092F2BDF61F2007F8964 /* Kingfisher */; };
		355309322BDF6850007F8964 /* Utils.swift in Sources */ = {isa = PBXBuildFile; fileRef = 355309312BDF6850007F8964 /* Utils.swift */; };
		3569AAA22BE87AE9005A2B8A /* SongDetail.swift in Sources */ = {isa = PBXBuildFile; fileRef = 3569AAA12BE87AE9005A2B8A /* SongDetail.swift */; };
		3569AAA52BE87AFA005A2B8A /* Song.swift in Sources */ = {isa = PBXBuildFile; fileRef = 3569AAA42BE87AFA005A2B8A /* Song.swift */; };
		3573AABD2BE944F200092146 /* Album.swift in Sources */ = {isa = PBXBuildFile; fileRef = 3573AABC2BE944F200092146 /* Album.swift */; };
		358523152A5F1A5600E51E61 /* spotipieApp.swift in Sources */ = {isa = PBXBuildFile; fileRef = 358523142A5F1A5600E51E61 /* spotipieApp.swift */; };
		358523172A5F1A5600E51E61 /* ContentView.swift in Sources */ = {isa = PBXBuildFile; fileRef = 358523162A5F1A5600E51E61 /* ContentView.swift */; };
		358523192A5F1A5700E51E61 /* Assets.xcassets in Resources */ = {isa = PBXBuildFile; fileRef = 358523182A5F1A5700E51E61 /* Assets.xcassets */; };
		3585231C2A5F1A5700E51E61 /* Preview Assets.xcassets in Resources */ = {isa = PBXBuildFile; fileRef = 3585231B2A5F1A5700E51E61 /* Preview Assets.xcassets */; };
		35EB61012C10321E009B8FFF /* SongsByTimestampView.swift in Sources */ = {isa = PBXBuildFile; fileRef = 35EB61002C10321E009B8FFF /* SongsByTimestampView.swift */; };
/* End PBXBuildFile section */

/* Begin PBXFileReference section */
		1002C4A82C55204700168886 /* Top10AlbumView.swift */ = {isa = PBXFileReference; lastKnownFileType = sourcecode.swift; path = Top10AlbumView.swift; sourceTree = "<group>"; };
		1002C4AC2C5523A600168886 /* Top10Cell.swift */ = {isa = PBXFileReference; fileEncoding = 4; lastKnownFileType = sourcecode.swift; path = Top10Cell.swift; sourceTree = "<group>"; };
		1002C4AE2C556ECC00168886 /* AlbumDetail.swift */ = {isa = PBXFileReference; fileEncoding = 4; lastKnownFileType = sourcecode.swift; name = AlbumDetail.swift; path = spotipie/Album/AlbumDetail.swift; sourceTree = SOURCE_ROOT; };
		1002C4B02C55748C00168886 /* SongCell.swift */ = {isa = PBXFileReference; fileEncoding = 4; lastKnownFileType = sourcecode.swift; name = SongCell.swift; path = spotipie/SongCell.swift; sourceTree = SOURCE_ROOT; };
		1002C4B22C55820800168886 /* Top10SongView.swift */ = {isa = PBXFileReference; fileEncoding = 4; lastKnownFileType = sourcecode.swift; path = Top10SongView.swift; sourceTree = "<group>"; };
		1002C4B82C55838E00168886 /* Top10ArtistView.swift */ = {isa = PBXFileReference; fileEncoding = 4; lastKnownFileType = sourcecode.swift; name = Top10ArtistView.swift; path = spotipie/Artist/Top10ArtistView.swift; sourceTree = SOURCE_ROOT; };
		1002C4BA2C5583EC00168886 /* ArtistCell.swift */ = {isa = PBXFileReference; fileEncoding = 4; lastKnownFileType = sourcecode.swift; path = ArtistCell.swift; sourceTree = "<group>"; };
		3510D4CF2BDD7E430057A974 /* GlobalData.swift */ = {isa = PBXFileReference; lastKnownFileType = sourcecode.swift; path = GlobalData.swift; sourceTree = "<group>"; };
		3553092C2BDF606D007F8964 /* ScrobbleCell.swift */ = {isa = PBXFileReference; lastKnownFileType = sourcecode.swift; path = ScrobbleCell.swift; sourceTree = "<group>"; };
		355309312BDF6850007F8964 /* Utils.swift */ = {isa = PBXFileReference; lastKnownFileType = sourcecode.swift; path = Utils.swift; sourceTree = "<group>"; };
		3569AAA12BE87AE9005A2B8A /* SongDetail.swift */ = {isa = PBXFileReference; lastKnownFileType = sourcecode.swift; path = SongDetail.swift; sourceTree = "<group>"; };
		3569AAA42BE87AFA005A2B8A /* Song.swift */ = {isa = PBXFileReference; lastKnownFileType = sourcecode.swift; path = Song.swift; sourceTree = "<group>"; };
		3573AABC2BE944F200092146 /* Album.swift */ = {isa = PBXFileReference; fileEncoding = 4; lastKnownFileType = sourcecode.swift; path = Album.swift; sourceTree = "<group>"; };
		358523112A5F1A5600E51E61 /* spotipie.app */ = {isa = PBXFileReference; explicitFileType = wrapper.application; includeInIndex = 0; path = spotipie.app; sourceTree = BUILT_PRODUCTS_DIR; };
		358523142A5F1A5600E51E61 /* spotipieApp.swift */ = {isa = PBXFileReference; lastKnownFileType = sourcecode.swift; path = spotipieApp.swift; sourceTree = "<group>"; };
		358523162A5F1A5600E51E61 /* ContentView.swift */ = {isa = PBXFileReference; lastKnownFileType = sourcecode.swift; path = ContentView.swift; sourceTree = "<group>"; };
		358523182A5F1A5700E51E61 /* Assets.xcassets */ = {isa = PBXFileReference; lastKnownFileType = folder.assetcatalog; path = Assets.xcassets; sourceTree = "<group>"; };
		3585231B2A5F1A5700E51E61 /* Preview Assets.xcassets */ = {isa = PBXFileReference; lastKnownFileType = folder.assetcatalog; path = "Preview Assets.xcassets"; sourceTree = "<group>"; };
		35EB61002C10321E009B8FFF /* SongsByTimestampView.swift */ = {isa = PBXFileReference; lastKnownFileType = sourcecode.swift; path = SongsByTimestampView.swift; sourceTree = "<group>"; };
/* End PBXFileReference section */

/* Begin PBXFrameworksBuildPhase section */
		3585230E2A5F1A5600E51E61 /* Frameworks */ = {
			isa = PBXFrameworksBuildPhase;
			buildActionMask = 2147483647;
			files = (
				355309302BDF61F2007F8964 /* Kingfisher in Frameworks */,
			);
			runOnlyForDeploymentPostprocessing = 0;
		};
/* End PBXFrameworksBuildPhase section */

/* Begin PBXGroup section */
		1002C4B52C55837200168886 /* Artist */ = {
			isa = PBXGroup;
			children = (
				1002C4B82C55838E00168886 /* Top10ArtistView.swift */,
				1002C4BA2C5583EC00168886 /* ArtistCell.swift */,
			);
			path = Artist;
			sourceTree = "<group>";
		};
		3569AAA32BE87AEF005A2B8A /* Song */ = {
			isa = PBXGroup;
			children = (
				1002C4B22C55820800168886 /* Top10SongView.swift */,
				1002C4B02C55748C00168886 /* SongCell.swift */,
				3569AAA12BE87AE9005A2B8A /* SongDetail.swift */,
				3569AAA42BE87AFA005A2B8A /* Song.swift */,
			);
			path = Song;
			sourceTree = "<group>";
		};
		3573AABB2BE944CE00092146 /* Album */ = {
			isa = PBXGroup;
			children = (
				1002C4A82C55204700168886 /* Top10AlbumView.swift */,
				1002C4AE2C556ECC00168886 /* AlbumDetail.swift */,
				3573AABC2BE944F200092146 /* Album.swift */,
			);
			path = Album;
			sourceTree = "<group>";
		};
		358523082A5F1A5600E51E61 = {
			isa = PBXGroup;
			children = (
				358523132A5F1A5600E51E61 /* spotipie */,
				358523122A5F1A5600E51E61 /* Products */,
			);
			sourceTree = "<group>";
		};
		358523122A5F1A5600E51E61 /* Products */ = {
			isa = PBXGroup;
			children = (
				358523112A5F1A5600E51E61 /* spotipie.app */,
			);
			name = Products;
			sourceTree = "<group>";
		};
		358523132A5F1A5600E51E61 /* spotipie */ = {
			isa = PBXGroup;
			children = (
				1002C4B52C55837200168886 /* Artist */,
				3573AABB2BE944CE00092146 /* Album */,
				3569AAA32BE87AEF005A2B8A /* Song */,
				358523142A5F1A5600E51E61 /* spotipieApp.swift */,
				358523162A5F1A5600E51E61 /* ContentView.swift */,
				358523182A5F1A5700E51E61 /* Assets.xcassets */,
				3585231A2A5F1A5700E51E61 /* Preview Content */,
				3510D4CF2BDD7E430057A974 /* GlobalData.swift */,
				3553092C2BDF606D007F8964 /* ScrobbleCell.swift */,
				1002C4AC2C5523A600168886 /* Top10Cell.swift */,
				355309312BDF6850007F8964 /* Utils.swift */,
				35EB61002C10321E009B8FFF /* SongsByTimestampView.swift */,
			);
			path = spotipie;
			sourceTree = "<group>";
		};
		3585231A2A5F1A5700E51E61 /* Preview Content */ = {
			isa = PBXGroup;
			children = (
				3585231B2A5F1A5700E51E61 /* Preview Assets.xcassets */,
			);
			path = "Preview Content";
			sourceTree = "<group>";
		};
/* End PBXGroup section */

/* Begin PBXNativeTarget section */
		358523102A5F1A5600E51E61 /* spotipie */ = {
			isa = PBXNativeTarget;
			buildConfigurationList = 3585231F2A5F1A5700E51E61 /* Build configuration list for PBXNativeTarget "spotipie" */;
			buildPhases = (
				3585230D2A5F1A5600E51E61 /* Sources */,
				3585230E2A5F1A5600E51E61 /* Frameworks */,
				3585230F2A5F1A5600E51E61 /* Resources */,
			);
			buildRules = (
			);
			dependencies = (
			);
			name = spotipie;
			packageProductDependencies = (
				3553092F2BDF61F2007F8964 /* Kingfisher */,
			);
			productName = spotipie;
			productReference = 358523112A5F1A5600E51E61 /* spotipie.app */;
			productType = "com.apple.product-type.application";
		};
/* End PBXNativeTarget section */

/* Begin PBXProject section */
		358523092A5F1A5600E51E61 /* Project object */ = {
			isa = PBXProject;
			attributes = {
				BuildIndependentTargetsInParallel = 1;
				LastSwiftUpdateCheck = 1430;
				LastUpgradeCheck = 1430;
				TargetAttributes = {
					358523102A5F1A5600E51E61 = {
						CreatedOnToolsVersion = 14.3.1;
					};
				};
			};
			buildConfigurationList = 3585230C2A5F1A5600E51E61 /* Build configuration list for PBXProject "spotipie" */;
			compatibilityVersion = "Xcode 14.0";
			developmentRegion = en;
			hasScannedForEncodings = 0;
			knownRegions = (
				en,
				Base,
			);
			mainGroup = 358523082A5F1A5600E51E61;
			packageReferences = (
				3553092E2BDF61F2007F8964 /* XCRemoteSwiftPackageReference "Kingfisher" */,
			);
			productRefGroup = 358523122A5F1A5600E51E61 /* Products */;
			projectDirPath = "";
			projectRoot = "";
			targets = (
				358523102A5F1A5600E51E61 /* spotipie */,
			);
		};
/* End PBXProject section */

/* Begin PBXResourcesBuildPhase section */
		3585230F2A5F1A5600E51E61 /* Resources */ = {
			isa = PBXResourcesBuildPhase;
			buildActionMask = 2147483647;
			files = (
				3585231C2A5F1A5700E51E61 /* Preview Assets.xcassets in Resources */,
				358523192A5F1A5700E51E61 /* Assets.xcassets in Resources */,
			);
			runOnlyForDeploymentPostprocessing = 0;
		};
/* End PBXResourcesBuildPhase section */

/* Begin PBXSourcesBuildPhase section */
		3585230D2A5F1A5600E51E61 /* Sources */ = {
			isa = PBXSourcesBuildPhase;
			buildActionMask = 2147483647;
			files = (
				3569AAA52BE87AFA005A2B8A /* Song.swift in Sources */,
				1002C4B12C55748C00168886 /* SongCell.swift in Sources */,
				1002C4BB2C5583EC00168886 /* ArtistCell.swift in Sources */,
				1002C4B32C55820800168886 /* Top10SongView.swift in Sources */,
				35EB61012C10321E009B8FFF /* SongsByTimestampView.swift in Sources */,
				1002C4AD2C5523A600168886 /* Top10Cell.swift in Sources */,
				358523172A5F1A5600E51E61 /* ContentView.swift in Sources */,
				3569AAA22BE87AE9005A2B8A /* SongDetail.swift in Sources */,
				3553092D2BDF606D007F8964 /* ScrobbleCell.swift in Sources */,
				358523152A5F1A5600E51E61 /* spotipieApp.swift in Sources */,
				3510D4D02BDD7E430057A974 /* GlobalData.swift in Sources */,
				1002C4AF2C556ECC00168886 /* AlbumDetail.swift in Sources */,
				1002C4A92C55204700168886 /* Top10AlbumView.swift in Sources */,
				355309322BDF6850007F8964 /* Utils.swift in Sources */,
				3573AABD2BE944F200092146 /* Album.swift in Sources */,
				1002C4B92C55838E00168886 /* Top10ArtistView.swift in Sources */,
			);
			runOnlyForDeploymentPostprocessing = 0;
		};
/* End PBXSourcesBuildPhase section */

/* Begin XCBuildConfiguration section */
		3585231D2A5F1A5700E51E61 /* Debug */ = {
			isa = XCBuildConfiguration;
			buildSettings = {
				ALWAYS_SEARCH_USER_PATHS = NO;
				CLANG_ANALYZER_NONNULL = YES;
				CLANG_ANALYZER_NUMBER_OBJECT_CONVERSION = YES_AGGRESSIVE;
				CLANG_CXX_LANGUAGE_STANDARD = "gnu++20";
				CLANG_ENABLE_MODULES = YES;
				CLANG_ENABLE_OBJC_ARC = YES;
				CLANG_ENABLE_OBJC_WEAK = YES;
				CLANG_WARN_BLOCK_CAPTURE_AUTORELEASING = YES;
				CLANG_WARN_BOOL_CONVERSION = YES;
				CLANG_WARN_COMMA = YES;
				CLANG_WARN_CONSTANT_CONVERSION = YES;
				CLANG_WARN_DEPRECATED_OBJC_IMPLEMENTATIONS = YES;
				CLANG_WARN_DIRECT_OBJC_ISA_USAGE = YES_ERROR;
				CLANG_WARN_DOCUMENTATION_COMMENTS = YES;
				CLANG_WARN_EMPTY_BODY = YES;
				CLANG_WARN_ENUM_CONVERSION = YES;
				CLANG_WARN_INFINITE_RECURSION = YES;
				CLANG_WARN_INT_CONVERSION = YES;
				CLANG_WARN_NON_LITERAL_NULL_CONVERSION = YES;
				CLANG_WARN_OBJC_IMPLICIT_RETAIN_SELF = YES;
				CLANG_WARN_OBJC_LITERAL_CONVERSION = YES;
				CLANG_WARN_OBJC_ROOT_CLASS = YES_ERROR;
				CLANG_WARN_QUOTED_INCLUDE_IN_FRAMEWORK_HEADER = YES;
				CLANG_WARN_RANGE_LOOP_ANALYSIS = YES;
				CLANG_WARN_STRICT_PROTOTYPES = YES;
				CLANG_WARN_SUSPICIOUS_MOVE = YES;
				CLANG_WARN_UNGUARDED_AVAILABILITY = YES_AGGRESSIVE;
				CLANG_WARN_UNREACHABLE_CODE = YES;
				CLANG_WARN__DUPLICATE_METHOD_MATCH = YES;
				COPY_PHASE_STRIP = NO;
				DEBUG_INFORMATION_FORMAT = dwarf;
				ENABLE_STRICT_OBJC_MSGSEND = YES;
				ENABLE_TESTABILITY = YES;
				GCC_C_LANGUAGE_STANDARD = gnu11;
				GCC_DYNAMIC_NO_PIC = NO;
				GCC_NO_COMMON_BLOCKS = YES;
				GCC_OPTIMIZATION_LEVEL = 0;
				GCC_PREPROCESSOR_DEFINITIONS = (
					"DEBUG=1",
					"$(inherited)",
				);
				GCC_WARN_64_TO_32_BIT_CONVERSION = YES;
				GCC_WARN_ABOUT_RETURN_TYPE = YES_ERROR;
				GCC_WARN_UNDECLARED_SELECTOR = YES;
				GCC_WARN_UNINITIALIZED_AUTOS = YES_AGGRESSIVE;
				GCC_WARN_UNUSED_FUNCTION = YES;
				GCC_WARN_UNUSED_VARIABLE = YES;
				IPHONEOS_DEPLOYMENT_TARGET = 16.4;
				MTL_ENABLE_DEBUG_INFO = INCLUDE_SOURCE;
				MTL_FAST_MATH = YES;
				ONLY_ACTIVE_ARCH = YES;
				SDKROOT = iphoneos;
				SWIFT_ACTIVE_COMPILATION_CONDITIONS = DEBUG;
				SWIFT_OPTIMIZATION_LEVEL = "-Onone";
			};
			name = Debug;
		};
		3585231E2A5F1A5700E51E61 /* Release */ = {
			isa = XCBuildConfiguration;
			buildSettings = {
				ALWAYS_SEARCH_USER_PATHS = NO;
				CLANG_ANALYZER_NONNULL = YES;
				CLANG_ANALYZER_NUMBER_OBJECT_CONVERSION = YES_AGGRESSIVE;
				CLANG_CXX_LANGUAGE_STANDARD = "gnu++20";
				CLANG_ENABLE_MODULES = YES;
				CLANG_ENABLE_OBJC_ARC = YES;
				CLANG_ENABLE_OBJC_WEAK = YES;
				CLANG_WARN_BLOCK_CAPTURE_AUTORELEASING = YES;
				CLANG_WARN_BOOL_CONVERSION = YES;
				CLANG_WARN_COMMA = YES;
				CLANG_WARN_CONSTANT_CONVERSION = YES;
				CLANG_WARN_DEPRECATED_OBJC_IMPLEMENTATIONS = YES;
				CLANG_WARN_DIRECT_OBJC_ISA_USAGE = YES_ERROR;
				CLANG_WARN_DOCUMENTATION_COMMENTS = YES;
				CLANG_WARN_EMPTY_BODY = YES;
				CLANG_WARN_ENUM_CONVERSION = YES;
				CLANG_WARN_INFINITE_RECURSION = YES;
				CLANG_WARN_INT_CONVERSION = YES;
				CLANG_WARN_NON_LITERAL_NULL_CONVERSION = YES;
				CLANG_WARN_OBJC_IMPLICIT_RETAIN_SELF = YES;
				CLANG_WARN_OBJC_LITERAL_CONVERSION = YES;
				CLANG_WARN_OBJC_ROOT_CLASS = YES_ERROR;
				CLANG_WARN_QUOTED_INCLUDE_IN_FRAMEWORK_HEADER = YES;
				CLANG_WARN_RANGE_LOOP_ANALYSIS = YES;
				CLANG_WARN_STRICT_PROTOTYPES = YES;
				CLANG_WARN_SUSPICIOUS_MOVE = YES;
				CLANG_WARN_UNGUARDED_AVAILABILITY = YES_AGGRESSIVE;
				CLANG_WARN_UNREACHABLE_CODE = YES;
				CLANG_WARN__DUPLICATE_METHOD_MATCH = YES;
				COPY_PHASE_STRIP = NO;
				DEBUG_INFORMATION_FORMAT = "dwarf-with-dsym";
				ENABLE_NS_ASSERTIONS = NO;
				ENABLE_STRICT_OBJC_MSGSEND = YES;
				GCC_C_LANGUAGE_STANDARD = gnu11;
				GCC_NO_COMMON_BLOCKS = YES;
				GCC_WARN_64_TO_32_BIT_CONVERSION = YES;
				GCC_WARN_ABOUT_RETURN_TYPE = YES_ERROR;
				GCC_WARN_UNDECLARED_SELECTOR = YES;
				GCC_WARN_UNINITIALIZED_AUTOS = YES_AGGRESSIVE;
				GCC_WARN_UNUSED_FUNCTION = YES;
				GCC_WARN_UNUSED_VARIABLE = YES;
				IPHONEOS_DEPLOYMENT_TARGET = 16.4;
				MTL_ENABLE_DEBUG_INFO = NO;
				MTL_FAST_MATH = YES;
				SDKROOT = iphoneos;
				SWIFT_COMPILATION_MODE = wholemodule;
				SWIFT_OPTIMIZATION_LEVEL = "-O";
				VALIDATE_PRODUCT = YES;
			};
			name = Release;
		};
		358523202A5F1A5700E51E61 /* Debug */ = {
			isa = XCBuildConfiguration;
			buildSettings = {
				ASSETCATALOG_COMPILER_APPICON_NAME = AppIcon;
				ASSETCATALOG_COMPILER_GLOBAL_ACCENT_COLOR_NAME = AccentColor;
				CODE_SIGN_STYLE = Automatic;
				CURRENT_PROJECT_VERSION = 1;
				DEVELOPMENT_ASSET_PATHS = "\"spotipie/Preview Content\"";
				DEVELOPMENT_TEAM = MWDSSU4PFA;
				ENABLE_PREVIEWS = YES;
				GENERATE_INFOPLIST_FILE = YES;
				INFOPLIST_KEY_UIApplicationSceneManifest_Generation = YES;
				INFOPLIST_KEY_UIApplicationSupportsIndirectInputEvents = YES;
				INFOPLIST_KEY_UILaunchScreen_Generation = YES;
				INFOPLIST_KEY_UISupportedInterfaceOrientations_iPad = "UIInterfaceOrientationPortrait UIInterfaceOrientationPortraitUpsideDown UIInterfaceOrientationLandscapeLeft UIInterfaceOrientationLandscapeRight";
				INFOPLIST_KEY_UISupportedInterfaceOrientations_iPhone = "UIInterfaceOrientationPortrait UIInterfaceOrientationLandscapeLeft UIInterfaceOrientationLandscapeRight";
				LD_RUNPATH_SEARCH_PATHS = (
					"$(inherited)",
					"@executable_path/Frameworks",
				);
				MARKETING_VERSION = 1.0;
				PRODUCT_BUNDLE_IDENTIFIER = us.sunflsks.spotipie;
				PRODUCT_NAME = "$(TARGET_NAME)";
				SWIFT_EMIT_LOC_STRINGS = YES;
				SWIFT_VERSION = 5.0;
				TARGETED_DEVICE_FAMILY = "1,2";
			};
			name = Debug;
		};
		358523212A5F1A5700E51E61 /* Release */ = {
			isa = XCBuildConfiguration;
			buildSettings = {
				ASSETCATALOG_COMPILER_APPICON_NAME = AppIcon;
				ASSETCATALOG_COMPILER_GLOBAL_ACCENT_COLOR_NAME = AccentColor;
				CODE_SIGN_STYLE = Automatic;
				CURRENT_PROJECT_VERSION = 1;
				DEVELOPMENT_ASSET_PATHS = "\"spotipie/Preview Content\"";
				DEVELOPMENT_TEAM = MWDSSU4PFA;
				ENABLE_PREVIEWS = YES;
				GENERATE_INFOPLIST_FILE = YES;
				INFOPLIST_KEY_UIApplicationSceneManifest_Generation = YES;
				INFOPLIST_KEY_UIApplicationSupportsIndirectInputEvents = YES;
				INFOPLIST_KEY_UILaunchScreen_Generation = YES;
				INFOPLIST_KEY_UISupportedInterfaceOrientations_iPad = "UIInterfaceOrientationPortrait UIInterfaceOrientationPortraitUpsideDown UIInterfaceOrientationLandscapeLeft UIInterfaceOrientationLandscapeRight";
				INFOPLIST_KEY_UISupportedInterfaceOrientations_iPhone = "UIInterfaceOrientationPortrait UIInterfaceOrientationLandscapeLeft UIInterfaceOrientationLandscapeRight";
				LD_RUNPATH_SEARCH_PATHS = (
					"$(inherited)",
					"@executable_path/Frameworks",
				);
				MARKETING_VERSION = 1.0;
				PRODUCT_BUNDLE_IDENTIFIER = us.sunflsks.spotipie;
				PRODUCT_NAME = "$(TARGET_NAME)";
				SWIFT_EMIT_LOC_STRINGS = YES;
				SWIFT_VERSION = 5.0;
				TARGETED_DEVICE_FAMILY = "1,2";
			};
			name = Release;
		};
/* End XCBuildConfiguration section */

/* Begin XCConfigurationList section */
		3585230C2A5F1A5600E51E61 /* Build configuration list for PBXProject "spotipie" */ = {
			isa = XCConfigurationList;
			buildConfigurations = (
				3585231D2A5F1A5700E51E61 /* Debug */,
				3585231E2A5F1A5700E51E61 /* Release */,
			);
			defaultConfigurationIsVisible = 0;
			defaultConfigurationName = Release;
		};
		3585231F2A5F1A5700E51E61 /* Build configuration list for PBXNativeTarget "spotipie" */ = {
			isa = XCConfigurationList;
			buildConfigurations = (
				358523202A5F1A5700E51E61 /* Debug */,
				358523212A5F1A5700E51E61 /* Release */,
			);
			defaultConfigurationIsVisible = 0;
			defaultConfigurationName = Release;
		};
/* End XCConfigurationList section */

/* Begin XCRemoteSwiftPackageReference section */
		3553092E2BDF61F2007F8964 /* XCRemoteSwiftPackageReference "Kingfisher" */ = {
			isa = XCRemoteSwiftPackageReference;
			repositoryURL = "https://github.com/onevcat/Kingfisher";
			requirement = {
				kind = upToNextMajorVersion;
				minimumVersion = 7.11.0;
			};
		};
/* End XCRemoteSwiftPackageReference section */

/* Begin XCSwiftPackageProductDependency section */
		3553092F2BDF61F2007F8964 /* Kingfisher */ = {
			isa = XCSwiftPackageProductDependency;
			package = 3553092E2BDF61F2007F8964 /* XCRemoteSwiftPackageReference "Kingfisher" */;
			productName = Kingfisher;
		};
/* End XCSwiftPackageProductDependency section */
	};
	rootObject = 358523092A5F1A5600E51E61 /* Project object */;
}
